
Microsoft Visual Studio Solution File, Format Version 12.00
# Visual Studio Version 16
VisualStudioVersion = 16.0.31005.135
MinimumVisualStudioVersion = 10.0.40219.1
Project("{F184B08F-C81C-45F6-A57F-5ABD9991F28F}") = "Calculadora_Con_Interoperabilidad", "Calculadora_Con_Interoperabilidad\Calculadora_Con_Interoperabilidad.vbproj", "{C3FCD51E-BC3C-4855-A1EF-BB7BE557AD16}"
EndProject
Project("{FAE04EC0-301F-11D3-BF4B-00C04F79EFBC}") = "operaciones_CSharp", "operaciones_CSharp\operaciones_CSharp.csproj", "{7281AC88-6EFD-4DA6-8BA4-F6B3365F5012}"
EndProject
Project("{F2A71F9B-5D33-465A-A702-920D77279786}") = "operaciones_FSharp", "operaciones_FSharp\operaciones_FSharp.fsproj", "{DEF91D04-A464-4759-94FB-044182062E8A}"
EndProject
Global
	GlobalSection(SolutionConfigurationPlatforms) = preSolution
		Debug|Any CPU = Debug|Any CPU
		Release|Any CPU = Release|Any CPU
	EndGlobalSection
	GlobalSection(ProjectConfigurationPlatforms) = postSolution
		{C3FCD51E-BC3C-4855-A1EF-BB7BE557AD16}.Debug|Any CPU.ActiveCfg = Debug|Any CPU
		{C3FCD51E-BC3C-4855-A1EF-BB7BE557AD16}.Debug|Any CPU.Build.0 = Debug|Any CPU
		{C3FCD51E-BC3C-4855-A1EF-BB7BE557AD16}.Release|Any CPU.ActiveCfg = Release|Any CPU
		{C3FCD51E-BC3C-4855-A1EF-BB7BE557AD16}.Release|Any CPU.Build.0 = Release|Any CPU
		{7281AC88-6EFD-4DA6-8BA4-F6B3365F5012}.Debug|Any CPU.ActiveCfg = Debug|Any CPU
		{7281AC88-6EFD-4DA6-8BA4-F6B3365F5012}.Debug|Any CPU.Build.0 = Debug|Any CPU
		{7281AC88-6EFD-4DA6-8BA4-F6B3365F5012}.Release|Any CPU.ActiveCfg = Release|Any CPU
		{7281AC88-6EFD-4DA6-8BA4-F6B3365F5012}.Release|Any CPU.Build.0 = Release|Any CPU
		{DEF91D04-A464-4759-94FB-044182062E8A}.Debug|Any CPU.ActiveCfg = Debug|Any CPU
		{DEF91D04-A464-4759-94FB-044182062E8A}.Debug|Any CPU.Build.0 = Debug|Any CPU
		{DEF91D04-A464-4759-94FB-044182062E8A}.Release|Any CPU.ActiveCfg = Release|Any CPU
		{DEF91D04-A464-4759-94FB-044182062E8A}.Release|Any CPU.Build.0 = Release|Any CPU
	EndGlobalSection
	GlobalSection(SolutionProperties) = preSolution
		HideSolutionNode = FALSE
	EndGlobalSection
	GlobalSection(ExtensibilityGlobals) = postSolution
		SolutionGuid = {380FCF8A-5093-4BED-A7DD-B5ABDBFB622B}
	EndGlobalSection
EndGlobal
